Microsoft Visual Studio Solution File, Format Version 12.00
# Visual Studio Version 17
VisualStudioVersion = 17.6.33829.357
MinimumVisualStudioVersion = 10.0.40219.1
Project("{FAE04EC0-301F-11D3-BF4B-00C04F79EFBC}") = "YAMATAIPatch R4", "YAMATAIPatch R4.csproj", "{B7E03DD9-D13F-4A7F-BA8F-52453BE52DDA}"
EndProject
Global
	GlobalSection(SolutionConfigurationPlatforms) = preSolution
		Debug|Any CPU = Debug|Any CPU
		Release|Any CPU = Release|Any CPU
	EndGlobalSection
	GlobalSection(ProjectConfigurationPlatforms) = postSolution
		{B7E03DD9-D13F-4A7F-BA8F-52453BE52DDA}.Debug|Any CPU.ActiveCfg = Debug|Any CPU
		{B7E03DD9-D13F-4A7F-BA8F-52453BE52DDA}.Debug|Any CPU.Build.0 = Debug|Any CPU
		{B7E03DD9-D13F-4A7F-BA8F-52453BE52DDA}.Release|Any CPU.ActiveCfg = Release|Any CPU
		{B7E03DD9-D13F-4A7F-BA8F-52453BE52DDA}.Release|Any CPU.Build.0 = Release|Any CPU
	EndGlobalSection
	GlobalSection(SolutionProperties) = preSolution
		HideSolutionNode = FALSE
	EndGlobalSection
	GlobalSection(ExtensibilityGlobals) = postSolution
		SolutionGuid = {079FFE47-0170-4026-9B7A-5BBE4DFCC6B6}
	EndGlobalSection
EndGlobal
